
Microsoft Visual Studio Solution File, Format Version 12.00
# Visual Studio Version 16
VisualStudioVersion = 16.0.33927.289
MinimumVisualStudioVersion = 10.0.40219.1
Project("{2150E333-8FDC-42A3-9474-1A3956D46DE8}") = "Task0", "Task0", "{FABD2B7F-C0BC-4787-8A70-CDD8F9E98DD7}"
EndProject
Project("{FAE04EC0-301F-11D3-BF4B-00C04F79EFBC}") = "Tyuiu.GalyameevMR.Sprint5.Task0.V27.Lib", "Tyuiu.GalyameevMR.Sprint5.Task0.V27.Lib\Tyuiu.GalyameevMR.Sprint5.Task0.V27.Lib.csproj", "{ACF5EE03-4852-447E-B351-4FDC70F26431}"
EndProject
Project("{FAE04EC0-301F-11D3-BF4B-00C04F79EFBC}") = "Tyuiu.GalyameevMR.Sprint5.Task0.V27.Test", "Tyuiu.GalyameevMR.Sprint5.Task0.V27.Test\Tyuiu.GalyameevMR.Sprint5.Task0.V27.Test.csproj", "{91BE2AD1-4181-4D96-BF7F-22BDDDD9A17B}"
EndProject
Project("{FAE04EC0-301F-11D3-BF4B-00C04F79EFBC}") = "Tyuiu.GalyameevMR.Sprint5.Task0.V27", "Tyuiu.GalyameevMR.Sprint5.Task0.V27\Tyuiu.GalyameevMR.Sprint5.Task0.V27.csproj", "{57FF827E-D997-43FC-8AA1-A9C19BB1E52B}"
EndProject
Project("{2150E333-8FDC-42A3-9474-1A3956D46DE8}") = "Task1", "Task1", "{431964A1-F2B7-47A6-A87E-A07C65B8AECB}"
EndProject
Project("{FAE04EC0-301F-11D3-BF4B-00C04F79EFBC}") = "Tyuiu.GalyameevMR.Sprint5.Task1.V27", "Tyuiu.GalyameevMR.Sprint5.Task1.V27\Tyuiu.GalyameevMR.Sprint5.Task1.V27.csproj", "{6D3315E1-10BF-4206-93A4-AF116FB9385A}"
EndProject
Project("{FAE04EC0-301F-11D3-BF4B-00C04F79EFBC}") = "Tyuiu.GalyameevMR.Sprint5.Task1.V27.Test", "Tyuiu.GalyameevMR.Sprint5.Task1.V27.Test\Tyuiu.GalyameevMR.Sprint5.Task1.V27.Test.csproj", "{C1CC0C6F-0315-4BAC-A4AC-FC63A984DBC2}"
EndProject
Project("{FAE04EC0-301F-11D3-BF4B-00C04F79EFBC}") = "Tyuiu.GalyameevMR.Sprint5.Task1.V27.Lib", "Tyuiu.GalyameevMR.Sprint5.Task1.V27.Lib\Tyuiu.GalyameevMR.Sprint5.Task1.V27.Lib.csproj", "{313BB54F-EDDE-4CC1-B5FC-CABCA6FD0FF0}"
EndProject
Project("{2150E333-8FDC-42A3-9474-1A3956D46DE8}") = "Task2", "Task2", "{09CA3CA1-8344-49CB-A278-612A96393891}"
EndProject
Project("{FAE04EC0-301F-11D3-BF4B-00C04F79EFBC}") = "Tyuiu.GalyameevMR.Sprint5.Task2.V9.Lib", "Tyuiu.GalyameevMR.Sprint5.Task2.V9.Lib\Tyuiu.GalyameevMR.Sprint5.Task2.V9.Lib.csproj", "{52B361C1-770A-44B7-9042-7E33EAFCE48E}"
EndProject
Project("{FAE04EC0-301F-11D3-BF4B-00C04F79EFBC}") = "Tyuiu.GalyameevMR.Sprint5.Task2.V9.Test", "Tyuiu.GalyameevMR.Sprint5.Task2.V9.Test\Tyuiu.GalyameevMR.Sprint5.Task2.V9.Test.csproj", "{AA137501-0E32-47D3-834B-994F0D774471}"
EndProject
Project("{FAE04EC0-301F-11D3-BF4B-00C04F79EFBC}") = "Tyuiu.GalyameevMR.Sprint5.Task2.V9", "Tyuiu.GalyameevMR.Sprint5.Task2.V9\Tyuiu.GalyameevMR.Sprint5.Task2.V9.csproj", "{D1C50364-44AA-4500-96CB-C5B46DC063A3}"
EndProject
Project("{2150E333-8FDC-42A3-9474-1A3956D46DE8}") = "Task3", "Task3", "{577C9B8D-3A97-4CD7-BA8F-EE2F9BEA010D}"
EndProject
Project("{FAE04EC0-301F-11D3-BF4B-00C04F79EFBC}") = "Tyuiu.GalyameevMR.Sprint5.Task3.V14", "Tyuiu.GalyameevMR.Sprint5.Task3.V14\Tyuiu.GalyameevMR.Sprint5.Task3.V14.csproj", "{0019D205-38B6-4B26-BC23-965079EC5993}"
EndProject
Project("{FAE04EC0-301F-11D3-BF4B-00C04F79EFBC}") = "Tyuiu.GalyameevMR.Sprint5.Task3.V14.Test", "Tyuiu.GalyameevMR.Sprint5.Task3.V14.Test\Tyuiu.GalyameevMR.Sprint5.Task3.V14.Test.csproj", "{6C7D1E47-2E02-4192-BC72-19B3DAE3A82B}"
EndProject
Project("{FAE04EC0-301F-11D3-BF4B-00C04F79EFBC}") = "Tyuiu.GalyameevMR.Sprint5.Task3.V14.Lib", "Tyuiu.GalyameevMR.Sprint5.Task3.V14.Lib\Tyuiu.GalyameevMR.Sprint5.Task3.V14.Lib.csproj", "{F5C1A2F7-BC9D-4AEE-81BC-9E98274A28F7}"
EndProject
Global
	GlobalSection(SolutionConfigurationPlatforms) = preSolution
		Debug|Any CPU = Debug|Any CPU
		Release|Any CPU = Release|Any CPU
	EndGlobalSection
	GlobalSection(ProjectConfigurationPlatforms) = postSolution
		{ACF5EE03-4852-447E-B351-4FDC70F26431}.Debug|Any CPU.ActiveCfg = Debug|Any CPU
		{ACF5EE03-4852-447E-B351-4FDC70F26431}.Debug|Any CPU.Build.0 = Debug|Any CPU
		{ACF5EE03-4852-447E-B351-4FDC70F26431}.Release|Any CPU.ActiveCfg = Release|Any CPU
		{ACF5EE03-4852-447E-B351-4FDC70F26431}.Release|Any CPU.Build.0 = Release|Any CPU
		{91BE2AD1-4181-4D96-BF7F-22BDDDD9A17B}.Debug|Any CPU.ActiveCfg = Debug|Any CPU
		{91BE2AD1-4181-4D96-BF7F-22BDDDD9A17B}.Debug|Any CPU.Build.0 = Debug|Any CPU
		{91BE2AD1-4181-4D96-BF7F-22BDDDD9A17B}.Release|Any CPU.ActiveCfg = Release|Any CPU
		{91BE2AD1-4181-4D96-BF7F-22BDDDD9A17B}.Release|Any CPU.Build.0 = Release|Any CPU
		{57FF827E-D997-43FC-8AA1-A9C19BB1E52B}.Debug|Any CPU.ActiveCfg = Debug|Any CPU
		{57FF827E-D997-43FC-8AA1-A9C19BB1E52B}.Debug|Any CPU.Build.0 = Debug|Any CPU
		{57FF827E-D997-43FC-8AA1-A9C19BB1E52B}.Release|Any CPU.ActiveCfg = Release|Any CPU
		{57FF827E-D997-43FC-8AA1-A9C19BB1E52B}.Release|Any CPU.Build.0 = Release|Any CPU
		{6D3315E1-10BF-4206-93A4-AF116FB9385A}.Debug|Any CPU.ActiveCfg = Debug|Any CPU
		{6D3315E1-10BF-4206-93A4-AF116FB9385A}.Debug|Any CPU.Build.0 = Debug|Any CPU
		{6D3315E1-10BF-4206-93A4-AF116FB9385A}.Release|Any CPU.ActiveCfg = Release|Any CPU
		{6D3315E1-10BF-4206-93A4-AF116FB9385A}.Release|Any CPU.Build.0 = Release|Any CPU
		{C1CC0C6F-0315-4BAC-A4AC-FC63A984DBC2}.Debug|Any CPU.ActiveCfg = Debug|Any CPU
		{C1CC0C6F-0315-4BAC-A4AC-FC63A984DBC2}.Debug|Any CPU.Build.0 = Debug|Any CPU
		{C1CC0C6F-0315-4BAC-A4AC-FC63A984DBC2}.Release|Any CPU.ActiveCfg = Release|Any CPU
		{C1CC0C6F-0315-4BAC-A4AC-FC63A984DBC2}.Release|Any CPU.Build.0 = Release|Any CPU
		{313BB54F-EDDE-4CC1-B5FC-CABCA6FD0FF0}.Debug|Any CPU.ActiveCfg = Debug|Any CPU
		{313BB54F-EDDE-4CC1-B5FC-CABCA6FD0FF0}.Debug|Any CPU.Build.0 = Debug|Any CPU
		{313BB54F-EDDE-4CC1-B5FC-CABCA6FD0FF0}.Release|Any CPU.ActiveCfg = Release|Any CPU
		{313BB54F-EDDE-4CC1-B5FC-CABCA6FD0FF0}.Release|Any CPU.Build.0 = Release|Any CPU
		{52B361C1-770A-44B7-9042-7E33EAFCE48E}.Debug|Any CPU.ActiveCfg = Debug|Any CPU
		{52B361C1-770A-44B7-9042-7E33EAFCE48E}.Debug|Any CPU.Build.0 = Debug|Any CPU
		{52B361C1-770A-44B7-9042-7E33EAFCE48E}.Release|Any CPU.ActiveCfg = Release|Any CPU
		{52B361C1-770A-44B7-9042-7E33EAFCE48E}.Release|Any CPU.Build.0 = Release|Any CPU
		{AA137501-0E32-47D3-834B-994F0D774471}.Debug|Any CPU.ActiveCfg = Debug|Any CPU
		{AA137501-0E32-47D3-834B-994F0D774471}.Debug|Any CPU.Build.0 = Debug|Any CPU
		{AA137501-0E32-47D3-834B-994F0D774471}.Release|Any CPU.ActiveCfg = Release|Any CPU
		{AA137501-0E32-47D3-834B-994F0D774471}.Release|Any CPU.Build.0 = Release|Any CPU
		{D1C50364-44AA-4500-96CB-C5B46DC063A3}.Debug|Any CPU.ActiveCfg = Debug|Any CPU
		{D1C50364-44AA-4500-96CB-C5B46DC063A3}.Debug|Any CPU.Build.0 = Debug|Any CPU
		{D1C50364-44AA-4500-96CB-C5B46DC063A3}.Release|Any CPU.ActiveCfg = Release|Any CPU
		{D1C50364-44AA-4500-96CB-C5B46DC063A3}.Release|Any CPU.Build.0 = Release|Any CPU
		{0019D205-38B6-4B26-BC23-965079EC5993}.Debug|Any CPU.ActiveCfg = Debug|Any CPU
		{0019D205-38B6-4B26-BC23-965079EC5993}.Debug|Any CPU.Build.0 = Debug|Any CPU
		{0019D205-38B6-4B26-BC23-965079EC5993}.Release|Any CPU.ActiveCfg = Release|Any CPU
		{0019D205-38B6-4B26-BC23-965079EC5993}.Release|Any CPU.Build.0 = Release|Any CPU
		{6C7D1E47-2E02-4192-BC72-19B3DAE3A82B}.Debug|Any CPU.ActiveCfg = Debug|Any CPU
		{6C7D1E47-2E02-4192-BC72-19B3DAE3A82B}.Debug|Any CPU.Build.0 = Debug|Any CPU
		{6C7D1E47-2E02-4192-BC72-19B3DAE3A82B}.Release|Any CPU.ActiveCfg = Release|Any CPU
		{6C7D1E47-2E02-4192-BC72-19B3DAE3A82B}.Release|Any CPU.Build.0 = Release|Any CPU
		{F5C1A2F7-BC9D-4AEE-81BC-9E98274A28F7}.Debug|Any CPU.ActiveCfg = Debug|Any CPU
		{F5C1A2F7-BC9D-4AEE-81BC-9E98274A28F7}.Debug|Any CPU.Build.0 = Debug|Any CPU
		{F5C1A2F7-BC9D-4AEE-81BC-9E98274A28F7}.Release|Any CPU.ActiveCfg = Release|Any CPU
		{F5C1A2F7-BC9D-4AEE-81BC-9E98274A28F7}.Release|Any CPU.Build.0 = Release|Any CPU
	EndGlobalSection
	GlobalSection(SolutionProperties) = preSolution
		HideSolutionNode = FALSE
	EndGlobalSection
	GlobalSection(NestedProjects) = preSolution
		{ACF5EE03-4852-447E-B351-4FDC70F26431} = {FABD2B7F-C0BC-4787-8A70-CDD8F9E98DD7}
		{91BE2AD1-4181-4D96-BF7F-22BDDDD9A17B} = {FABD2B7F-C0BC-4787-8A70-CDD8F9E98DD7}
		{57FF827E-D997-43FC-8AA1-A9C19BB1E52B} = {FABD2B7F-C0BC-4787-8A70-CDD8F9E98DD7}
		{6D3315E1-10BF-4206-93A4-AF116FB9385A} = {431964A1-F2B7-47A6-A87E-A07C65B8AECB}
		{C1CC0C6F-0315-4BAC-A4AC-FC63A984DBC2} = {431964A1-F2B7-47A6-A87E-A07C65B8AECB}
		{313BB54F-EDDE-4CC1-B5FC-CABCA6FD0FF0} = {431964A1-F2B7-47A6-A87E-A07C65B8AECB}
		{52B361C1-770A-44B7-9042-7E33EAFCE48E} = {09CA3CA1-8344-49CB-A278-612A96393891}
		{AA137501-0E32-47D3-834B-994F0D774471} = {09CA3CA1-8344-49CB-A278-612A96393891}
		{D1C50364-44AA-4500-96CB-C5B46DC063A3} = {09CA3CA1-8344-49CB-A278-612A96393891}
		{0019D205-38B6-4B26-BC23-965079EC5993} = {577C9B8D-3A97-4CD7-BA8F-EE2F9BEA010D}
		{6C7D1E47-2E02-4192-BC72-19B3DAE3A82B} = {577C9B8D-3A97-4CD7-BA8F-EE2F9BEA010D}
		{F5C1A2F7-BC9D-4AEE-81BC-9E98274A28F7} = {577C9B8D-3A97-4CD7-BA8F-EE2F9BEA010D}
	EndGlobalSection
	GlobalSection(ExtensibilityGlobals) = postSolution
		SolutionGuid = {C8E98C8E-8A7C-4A03-A82A-D942C5967176}
	EndGlobalSection
EndGlobal
